
Microsoft Visual Studio Solution File, Format Version 12.00
# Visual Studio 15
VisualStudioVersion = 15.0.26730.16
MinimumVisualStudioVersion = 10.0.40219.1
Project("{FAE04EC0-301F-11D3-BF4B-00C04F79EFBC}") = "FileMan", "FileMan\FileMan.csproj", "{1457A86C-B5FF-4479-ABDE-9C75AD88358B}"
EndProject
Global
	GlobalSection(SolutionConfigurationPlatforms) = preSolution
		Debug|Any CPU = Debug|Any CPU
		Release|Any CPU = Release|Any CPU
	EndGlobalSection
	GlobalSection(ProjectConfigurationPlatforms) = postSolution
		{1457A86C-B5FF-4479-ABDE-9C75AD88358B}.Debug|Any CPU.ActiveCfg = Debug|Any CPU
		{1457A86C-B5FF-4479-ABDE-9C75AD88358B}.Debug|Any CPU.Build.0 = Debug|Any CPU
		{1457A86C-B5FF-4479-ABDE-9C75AD88358B}.Release|Any CPU.ActiveCfg = Release|Any CPU
		{1457A86C-B5FF-4479-ABDE-9C75AD88358B}.Release|Any CPU.Build.0 = Release|Any CPU
	EndGlobalSection
	GlobalSection(SolutionProperties) = preSolution
		HideSolutionNode = FALSE
	EndGlobalSection
	GlobalSection(ExtensibilityGlobals) = postSolution
		SolutionGuid = {0F606A2A-C282-4EF5-A5FE-7DAC4E126567}
	EndGlobalSection
EndGlobal
